
Microsoft Visual Studio Solution File, Format Version 12.00
# Visual Studio Version 17
VisualStudioVersion = 17.0.31825.309
MinimumVisualStudioVersion = 10.0.40219.1
Project("{FAE04EC0-301F-11D3-BF4B-00C04F79EFBC}") = "CSTwitterCloneApi", "CSTwitterCloneApi\CSTwitterCloneApi.csproj", "{C3C87117-4C24-4E59-9D41-03CCAF60FB39}"
EndProject
Global
	GlobalSection(SolutionConfigurationPlatforms) = preSolution
		Debug|Any CPU = Debug|Any CPU
		Release|Any CPU = Release|Any CPU
	EndGlobalSection
	GlobalSection(ProjectConfigurationPlatforms) = postSolution
		{C3C87117-4C24-4E59-9D41-03CCAF60FB39}.Debug|Any CPU.ActiveCfg = Debug|Any CPU
		{C3C87117-4C24-4E59-9D41-03CCAF60FB39}.Debug|Any CPU.Build.0 = Debug|Any CPU
		{C3C87117-4C24-4E59-9D41-03CCAF60FB39}.Release|Any CPU.ActiveCfg = Release|Any CPU
		{C3C87117-4C24-4E59-9D41-03CCAF60FB39}.Release|Any CPU.Build.0 = Release|Any CPU
	EndGlobalSection
	GlobalSection(SolutionProperties) = preSolution
		HideSolutionNode = FALSE
	EndGlobalSection
	GlobalSection(ExtensibilityGlobals) = postSolution
		SolutionGuid = {56BEE185-2BB1-456A-A4E3-50C447FAF94A}
	EndGlobalSection
EndGlobal
